
Microsoft Visual Studio Solution File, Format Version 12.00
# Visual Studio Version 17
VisualStudioVersion = 17.14.36212.18 d17.14
MinimumVisualStudioVersion = 10.0.40219.1
Project("{FAE04EC0-301F-11D3-BF4B-00C04F79EFBC}") = "GestionTareas.API", "GestionTareas.API\GestionTareas.API.csproj", "{250C27C5-01B9-4E76-9C0D-23F4691F71F9}"
EndProject
Project("{FAE04EC0-301F-11D3-BF4B-00C04F79EFBC}") = "GestionTareas.MVC", "GestionTareas.MVC\GestionTareas.MVC.csproj", "{169EFCB7-523A-4525-AE2C-6CBB7871C90B}"
EndProject
Global
	GlobalSection(SolutionConfigurationPlatforms) = preSolution
		Debug|Any CPU = Debug|Any CPU
		Release|Any CPU = Release|Any CPU
	EndGlobalSection
	GlobalSection(ProjectConfigurationPlatforms) = postSolution
		{250C27C5-01B9-4E76-9C0D-23F4691F71F9}.Debug|Any CPU.ActiveCfg = Debug|Any CPU
		{250C27C5-01B9-4E76-9C0D-23F4691F71F9}.Debug|Any CPU.Build.0 = Debug|Any CPU
		{250C27C5-01B9-4E76-9C0D-23F4691F71F9}.Release|Any CPU.ActiveCfg = Release|Any CPU
		{250C27C5-01B9-4E76-9C0D-23F4691F71F9}.Release|Any CPU.Build.0 = Release|Any CPU
		{169EFCB7-523A-4525-AE2C-6CBB7871C90B}.Debug|Any CPU.ActiveCfg = Debug|Any CPU
		{169EFCB7-523A-4525-AE2C-6CBB7871C90B}.Debug|Any CPU.Build.0 = Debug|Any CPU
		{169EFCB7-523A-4525-AE2C-6CBB7871C90B}.Release|Any CPU.ActiveCfg = Release|Any CPU
		{169EFCB7-523A-4525-AE2C-6CBB7871C90B}.Release|Any CPU.Build.0 = Release|Any CPU
	EndGlobalSection
	GlobalSection(SolutionProperties) = preSolution
		HideSolutionNode = FALSE
	EndGlobalSection
	GlobalSection(ExtensibilityGlobals) = postSolution
		SolutionGuid = {6812ED36-CEF0-4DF1-9007-D077EBDEBEE5}
	EndGlobalSection
EndGlobal
